{
  "name": "common",
  "version": "1.0.0",
  "lockfileVersion": 3,
  "requires": true,
  "packages": {
    "": {
      "name": "common",
      "version": "1.0.0",
      "license": "ISC",
      "dependencies": {
        "@middy/core": "^6.0.0",
        "@middy/http-error-handler": "^6.0.0",
        "@middy/http-event-normalizer": "^6.0.0",
        "@middy/http-json-body-parser": "^6.0.0"
      }
    },
    "node_modules/@middy/core": {
      "version": "6.0.0",
      "resolved": "https://registry.npmjs.org/@middy/core/-/core-6.0.0.tgz",
      "integrity": "sha512-EFsvMkyFfaIu3Uzye26w2NzycwMAbh/99XlhRH9p240y/YKA0nlQ7itE8y7lBJOJ/clj1qu9evQeLfaiWhJAFg==",
      "engines": {
        "node": ">=20"
      },
      "funding": {
        "type": "github",
        "url": "https://github.com/sponsors/willfarrell"
      }
    },
    "node_modules/@middy/http-error-handler": {
      "version": "6.0.0",
      "resolved": "https://registry.npmjs.org/@middy/http-error-handler/-/http-error-handler-6.0.0.tgz",
      "integrity": "sha512-UYI0udZ8rH9nluLGS419RyUYKyBYg7kQVwCHqA+l0B8cklMU3DP6ArpOGviioi0n3X1KgI7YuYDEVvMl167D9g==",
      "dependencies": {
        "@middy/util": "6.0.0"
      },
      "engines": {
        "node": ">=20"
      },
      "funding": {
        "type": "github",
        "url": "https://github.com/sponsors/willfarrell"
      }
    },
    "node_modules/@middy/http-event-normalizer": {
      "version": "6.0.0",
      "resolved": "https://registry.npmjs.org/@middy/http-event-normalizer/-/http-event-normalizer-6.0.0.tgz",
      "integrity": "sha512-hosDhL2gA3O3NKMs/lS1xBD5ox2b7uV3d4CZNq3vRF8RUKGTJSczQy9fwYjJHQNjGm9Nu7WkBXOVqKCjy3uFjQ==",
      "engines": {
        "node": ">=20"
      },
      "funding": {
        "type": "github",
        "url": "https://github.com/sponsors/willfarrell"
      }
    },
    "node_modules/@middy/http-json-body-parser": {
      "version": "6.0.0",
      "resolved": "https://registry.npmjs.org/@middy/http-json-body-parser/-/http-json-body-parser-6.0.0.tgz",
      "integrity": "sha512-/uhdznqnLStNpqMqMBrTF0TjuPktB0T6Uy2p5vsitdVa8XycWsNDSkK2vMCWKYGGTA+vLHZs4RKAHXihAed5pg==",
      "dependencies": {
        "@middy/util": "6.0.0"
      },
      "engines": {
        "node": ">=20"
      },
      "funding": {
        "type": "github",
        "url": "https://github.com/sponsors/willfarrell"
      }
    },
    "node_modules/@middy/util": {
      "version": "6.0.0",
      "resolved": "https://registry.npmjs.org/@middy/util/-/util-6.0.0.tgz",
      "integrity": "sha512-V2/gJ4wE6TtMJNAnUTm3VRdgNyLI6zdNLy3MzhrJOwxiUslG1OSShE1IUYR0cmzMOm5w/Y2p3+OIRXRqKUVHYQ==",
      "engines": {
        "node": ">=20"
      },
      "funding": {
        "type": "github",
        "url": "https://github.com/sponsors/willfarrell"
      }
    }
  }
}
